{
  "version": 4,
  "terraform_version": "1.9.8",
  "serial": 35,
  "lineage": "a5d14ffd-6573-923c-50ea-ebc7a28dfefe",
  "outputs": {
    "ec2_ip": {
      "value": "54.214.217.189",
      "type": "string"
    },
    "vpc_id": {
      "value": "vpc-773cc683bedc642e1",
      "type": "string"
    }
  },
  "resources": [
    {
      "mode": "managed",
      "type": "mysql_database",
      "name": "default",
      "provider": "provider[\"registry.terraform.io/terraform-providers/mysql\"]",
      "instances": [
        {
          "schema_version": 0,
          "attributes": {
            "default_character_set": "utf8",
            "default_collation": "utf8_general_ci",
            "id": "devops_db",
            "name": "devops_db"
          },
          "sensitive_attributes": [],
          "private": "bnVsbA=="
        }
      ]
    },
    {
      "module": "module.ec2",
      "mode": "managed",
      "type": "aws_instance",
      "name": "app",
      "provider": "provider[\"registry.terraform.io/hashicorp/aws\"]",
      "instances": [
        {
          "schema_version": 1,
          "attributes": {
            "ami": "ami-0c55b159cbfafe1f0",
            "arn": "arn:aws:ec2:us-east-1::instance/i-84820f2e66d34b6c7",
            "associate_public_ip_address": true,
            "availability_zone": "us-east-1a",
            "capacity_reservation_specification": [],
            "cpu_core_count": null,
            "cpu_options": [],
            "cpu_threads_per_core": null,
            "credit_specification": [],
            "disable_api_stop": false,
            "disable_api_termination": false,
            "ebs_block_device": [],
            "ebs_optimized": false,
            "enclave_options": [],
            "ephemeral_block_device": [],
            "get_password_data": false,
            "hibernation": false,
            "host_id": "",
            "host_resource_group_arn": null,
            "iam_instance_profile": "",
            "id": "i-84820f2e66d34b6c7",
            "instance_initiated_shutdown_behavior": "stop",
            "instance_state": "running",
            "instance_type": "t2.micro",
            "ipv6_address_count": 0,
            "ipv6_addresses": [],
            "key_name": "",
            "launch_template": [],
            "maintenance_options": [],
            "metadata_options": [],
            "monitoring": false,
            "network_interface": [],
            "outpost_arn": "",
            "password_data": "",
            "placement_group": "",
            "placement_partition_number": 0,
            "primary_network_interface_id": "eni-b62298eda1e5f56e0",
            "private_dns": "ip-10-113-121-0.ec2.internal",
            "private_dns_name_options": [],
            "private_ip": "10.113.121.0",
            "public_dns": "ec2-54-214-217-189.compute-1.amazonaws.com",
            "public_ip": "54.214.217.189",
            "root_block_device": [
              {
                "delete_on_termination": true,
                "device_name": "/dev/sda1",
                "encrypted": false,
                "iops": 0,
                "kms_key_id": "",
                "tags": {},
                "throughput": 0,
                "volume_id": "vol-222f3b2ee6230eb74",
                "volume_size": 8,
                "volume_type": "gp2"
              }
            ],
            "secondary_private_ips": [],
            "security_groups": [],
            "source_dest_check": true,
            "subnet_id": "subnet-f85976c3487a45446",
            "tags": {
              "Environment": "dev",
              "Name": "devops-2025-app"
            },
            "tags_all": {
              "Environment": "dev",
              "Name": "devops-2025-app"
            },
            "tenancy": "default",
            "timeouts": null,
            "user_data": null,
            "user_data_base64": null,
            "user_data_replace_on_change": false,
            "volume_tags": null,
            "vpc_security_group_ids": []
          },
          "sensitive_attributes": [],
          "private": "eyJlMmJmYjczMC1lY2FhLTExZTYtOGY4OC0zNDM2M2JjN2M0YzAiOnsiY3JlYXRlIjo2MDAwMDAwMDAwMDAsImRlbGV0ZSI6MTIwMDAwMDAwMDAwMCwidXBkYXRlIjo2MDAwMDAwMDAwMDB9LCJzY2hlbWFfdmVyc2lvbiI6IjEifQ=="
        }
      ]
    },
    {
      "module": "module.vpc",
      "mode": "managed",
      "type": "aws_vpc",
      "name": "main",
      "provider": "provider[\"registry.terraform.io/hashicorp/aws\"]",
      "instances": [
        {
          "schema_version": 1,
          "attributes": {
            "arn": "arn:aws:ec2:us-east-1:000000000000:vpc/vpc-773cc683bedc642e1",
            "assign_generated_ipv6_cidr_block": false,
            "cidr_block": "10.0.0.0/16",
            "default_network_acl_id": "acl-831fd69cd09fca22f",
            "default_route_table_id": "rtb-6f6b50a7c76223cc3",
            "default_security_group_id": "sg-d36933299ae2eee50",
            "dhcp_options_id": "default",
            "enable_classiclink": false,
            "enable_classiclink_dns_support": false,
            "enable_dns_hostnames": false,
            "enable_dns_support": true,
            "enable_network_address_usage_metrics": false,
            "id": "vpc-773cc683bedc642e1",
            "instance_tenancy": "default",
            "ipv4_ipam_pool_id": null,
            "ipv4_netmask_length": null,
            "ipv6_association_id": "",
            "ipv6_cidr_block": "",
            "ipv6_cidr_block_network_border_group": "",
            "ipv6_ipam_pool_id": "",
            "ipv6_netmask_length": 0,
            "main_route_table_id": "rtb-6f6b50a7c76223cc3",
            "owner_id": "000000000000",
            "tags": {
              "Environment": "dev",
              "Name": "devops-2025-vpc"
            },
            "tags_all": {
              "Environment": "dev",
              "Name": "devops-2025-vpc"
            }
          },
          "sensitive_attributes": [],
          "private": "eyJzY2hlbWFfdmVyc2lvbiI6IjEifQ=="
        }
      ]
    }
  ],
  "check_results": null
}
